{
  "name": "rh-hs-interns-2025.github.io",
  "version": "1.0.0",
  "lockfileVersion": 3,
  "requires": true,
  "packages": {
    "": {
      "name": "rh-hs-interns-2025.github.io",
      "version": "1.0.0",
      "license": "ISC",
      "dependencies": {
        "@patternfly/patternfly": "^6.2.3"
      }
    },
    "node_modules/@patternfly/patternfly": {
      "version": "6.2.3",
      "resolved": "https://registry.npmjs.org/@patternfly/patternfly/-/patternfly-6.2.3.tgz",
      "integrity": "sha512-FR027W7JygcQpvlRU/Iom936Vm0apzfi2o5lvtlcWW6IaeZCCTtTaDxehoYuELHlemzkLziQAgu6LuCJEVayjw==",
      "license": "MIT"
    }
  }
}
